{
  "name": "Multi Agent Research System",
  "lockfileVersion": 3,
  "requires": true,
  "packages": {
    "": {
      "dependencies": {
        "@tanstack/start-server-core": "^1.169.39"
      }
    },
    "node_modules/@tanstack/history": {
      "version": "1.162.4",
      "resolved": "https://registry.npmjs.org/@tanstack/history/-/history-1.162.4.tgz",
      "integrity": "sha512-utTS5L2OkeYUzXGohL1Z8sefu1GLNOJcxe8Hd6iIdc/Xo1K1nDB2JEp4iSFhvYh33xKC9V91TxrS8qfrpoKobQ==",
      "license": "MIT",
      "engines": {
        "node": ">=20.19"
      },
      "funding": {
        "type": "github",
        "url": "https://github.com/sponsors/tannerlinsley"
      }
    },
    "node_modules/@tanstack/router-core": {
      "version": "1.171.34",
      "resolved": "https://registry.npmjs.org/@tanstack/router-core/-/router-core-1.171.34.tgz",
      "integrity": "sha512-X+19pGuuLVPvvAvPYw9v/+ktRk5cCll8AtfpBpOhDRmVgUMrfqze0467xtq8YRVVs/mmo5rVtWn/7Tp32RDBKw==",
      "license": "MIT",
      "dependencies": {
        "@tanstack/history": "1.162.4",
        "cookie-es": "^3.0.0",
        "seroval": "^1.6.7",
        "seroval-plugins": "^1.6.7"
      },
      "engines": {
        "node": ">=20.19"
      },
      "funding": {
        "type": "github",
        "url": "https://github.com/sponsors/tannerlinsley"
      }
    },
    "node_modules/@tanstack/start-client-core": {
      "version": "1.170.34",
      "resolved": "https://registry.npmjs.org/@tanstack/start-client-core/-/start-client-core-1.170.34.tgz",
      "integrity": "sha512-LfwZSbau2MLLZ/uPAoO+NC9fK3J66c0wLhnNQqIa+Goqw7bXPjkHwlsjY7evlUz1AnyhhQ1Qab95v+VmP0TZ9A==",
      "license": "MIT",
      "dependencies": {
        "@tanstack/router-core": "1.171.34",
        "@tanstack/start-fn-stubs": "1.162.0",
        "@tanstack/start-storage-context": "1.167.36",
        "seroval": "^1.6.7"
      },
      "engines": {
        "node": ">=22.12.0"
      },
      "funding": {
        "type": "github",
        "url": "https://github.com/sponsors/tannerlinsley"
      }
    },
    "node_modules/@tanstack/start-fn-stubs": {
      "version": "1.162.0",
      "resolved": "https://registry.npmjs.org/@tanstack/start-fn-stubs/-/start-fn-stubs-1.162.0.tgz",
      "integrity": "sha512-QWfUZ3Yo923tdQn38LyKMU8rcTw69zc+T4dAvgTWV4O56SqFRsGfS0lSWIMhJRwXIx/bvdi7nTUBDdZtTHtpTQ==",
      "license": "MIT",
      "engines": {
        "node": ">=22.12.0"
      },
      "funding": {
        "type": "github",
        "url": "https://github.com/sponsors/tannerlinsley"
      }
    },
    "node_modules/@tanstack/start-server-core": {
      "version": "1.169.39",
      "resolved": "https://registry.npmjs.org/@tanstack/start-server-core/-/start-server-core-1.169.39.tgz",
      "integrity": "sha512-pqqkxhXY46nuFSYt6TsMGyABiplUzHFHndKAlRRGC0fWDrJCH1koWxVMoxySa51ZETV79f/z73b5UZ1jfIkXwQ==",
      "license": "MIT",
      "dependencies": {
        "@tanstack/history": "1.162.4",
        "@tanstack/router-core": "1.171.34",
        "@tanstack/start-client-core": "1.170.34",
        "@tanstack/start-storage-context": "1.167.36",
        "fetchdts": "^0.1.6",
        "h3-v2": "npm:h3@2.0.1-rc.20",
        "seroval": "^1.6.7"
      },
      "engines": {
        "node": ">=22.12.0"
      },
      "funding": {
        "type": "github",
        "url": "https://github.com/sponsors/tannerlinsley"
      }
    },
    "node_modules/@tanstack/start-storage-context": {
      "version": "1.167.36",
      "resolved": "https://registry.npmjs.org/@tanstack/start-storage-context/-/start-storage-context-1.167.36.tgz",
      "integrity": "sha512-x+xCXK2GtFzY6NbXqAg8YpU6cwAjDfMeYSNzxfGzntpjbwBRHHrXeC/kYUnBBQCV7wK4kJ8vBBQGP0OyYTasUg==",
      "license": "MIT",
      "dependencies": {
        "@tanstack/router-core": "1.171.34"
      },
      "engines": {
        "node": ">=22.12.0"
      },
      "funding": {
        "type": "github",
        "url": "https://github.com/sponsors/tannerlinsley"
      }
    },
    "node_modules/cookie-es": {
      "version": "3.1.1",
      "resolved": "https://registry.npmjs.org/cookie-es/-/cookie-es-3.1.1.tgz",
      "integrity": "sha512-UaXxwISYJPTr9hwQxMFYZ7kNhSXboMXP+Z3TRX6f1/NyaGPfuNUZOWP1pUEb75B2HjfklIYLVRfWiFZJyC6Npg==",
      "license": "MIT"
    },
    "node_modules/fetchdts": {
      "version": "0.1.7",
      "resolved": "https://registry.npmjs.org/fetchdts/-/fetchdts-0.1.7.tgz",
      "integrity": "sha512-YoZjBdafyLIop9lSxXVI33oLD5kN31q4Td+CasofLLYeLXRFeOsuOw0Uo+XNRi9PZlbfdlN2GmRtm4tCEQ9/KA==",
      "license": "MIT"
    },
    "node_modules/h3-v2": {
      "name": "h3",
      "version": "2.0.1-rc.20",
      "resolved": "https://registry.npmjs.org/h3/-/h3-2.0.1-rc.20.tgz",
      "integrity": "sha512-28ljodXuUp0fZovdiSRq4G9OgrxCztrJe5VdYzXAB7ueRvI7pIUqLU14Xi3XqdYJ/khXjfpUOOD2EQa6CmBgsg==",
      "license": "MIT",
      "dependencies": {
        "rou3": "^0.8.1",
        "srvx": "^0.11.13"
      },
      "bin": {
        "h3": "bin/h3.mjs"
      },
      "engines": {
        "node": ">=20.11.1"
      },
      "peerDependencies": {
        "crossws": "^0.4.1"
      },
      "peerDependenciesMeta": {
        "crossws": {
          "optional": true
        }
      }
    },
    "node_modules/rou3": {
      "version": "0.8.1",
      "resolved": "https://registry.npmjs.org/rou3/-/rou3-0.8.1.tgz",
      "integrity": "sha512-ePa+XGk00/3HuCqrEnK3LxJW7I0SdNg6EFzKUJG73hMAdDcOUC/i/aSz7LSDwLrGr33kal/rqOGydzwl6U7zBA==",
      "license": "MIT"
    },
    "node_modules/seroval": {
      "version": "1.6.8",
      "resolved": "https://registry.npmjs.org/seroval/-/seroval-1.6.8.tgz",
      "integrity": "sha512-HlSgSAkTk4EqHcje1ptJjfZi1YDv5KbhVJ/d3P7T/nAXua2VmDu+AKDX5VTdFfZf48nDkWB2TKYt0DrCSa+3wg==",
      "license": "MIT",
      "engines": {
        "node": ">=10"
      }
    },
    "node_modules/seroval-plugins": {
      "version": "1.6.8",
      "resolved": "https://registry.npmjs.org/seroval-plugins/-/seroval-plugins-1.6.8.tgz",
      "integrity": "sha512-N7mWAMydj89EnYTHtRpS3LBrAz3J9O6oVrqpuXuvlAHfAUG8WEKqtbAd7SBiJNY5NfCAFhSdyAh7wI4Shjqy4g==",
      "license": "MIT",
      "engines": {
        "node": ">=10"
      },
      "peerDependencies": {
        "seroval": "^1.0"
      }
    },
    "node_modules/srvx": {
      "version": "0.11.22",
      "resolved": "https://registry.npmjs.org/srvx/-/srvx-0.11.22.tgz",
      "integrity": "sha512-LqZxxBDMKuMAZzFzJnDCkFOrs9MZQZr0LvHiO/SuSZVdQaXD7xQ5UWTUxheJrQPve1qk9MG2B/yttUvJxw8egQ==",
      "license": "MIT",
      "bin": {
        "srvx": "bin/srvx.mjs"
      },
      "engines": {
        "node": ">=20.16.0"
      }
    }
  }
}
